# This file is autogenerated, do not edit; changes may be undone by the next 'dep ensure'.


[[projects]]
  name = "github.com/go-chi/chi"
  packages = ["."]
  revision = "e83ac2304db3c50cf03d96a2fcd39009d458bc35"
  version = "v3.3.2"

[[projects]]
  branch = "v2"
  name = "gopkg.in/mgo.v2"
  packages = [
    ".",
    "bson",
    "internal/json",
    "internal/sasl",
    "internal/scram"
  ]
  revision = "3f83fa5005286a7fe593b055f0d7771a7dce4655"

[solve-meta]
  analyzer-name = "dep"
  analyzer-version = 1
  inputs-digest = "8fe77abb359fc427a4f4a3662072448b8288e1048dc4ddcf84150f7ba7805df4"
  solver-name = "gps-cdcl"
  solver-version = 1
