# This file is autogenerated, do not edit; changes may be undone by the next 'dep ensure'.


[[projects]]
  branch = "master"
  name = "github.com/globalsign/mgo"
  packages = [
    ".",
    "bson",
    "internal/json",
    "internal/sasl",
    "internal/scram"
  ]
  revision = "efe0945164a7e582241f37ae8983c075f8f2e870"

[[projects]]
  name = "github.com/go-chi/chi"
  packages = ["."]
  revision = "e83ac2304db3c50cf03d96a2fcd39009d458bc35"
  version = "v3.3.2"

[solve-meta]
  analyzer-name = "dep"
  analyzer-version = 1
  inputs-digest = "fe98322a6565cbaa325ae77ea39330592ba09138972405d240e9e0620115292b"
  solver-name = "gps-cdcl"
  solver-version = 1
